
Microsoft Visual Studio Solution File, Format Version 12.00
# Visual Studio Version 16
VisualStudioVersion = 16.0.30413.136
MinimumVisualStudioVersion = 10.0.40219.1
Project("{FAE04EC0-301F-11D3-BF4B-00C04F79EFBC}") = "LibraryToSQL", "LibraryToSQL\LibraryToSQL.csproj", "{687CBF36-8D19-42E1-B8DD-78B8FDD445FE}"
EndProject
Project("{FAE04EC0-301F-11D3-BF4B-00C04F79EFBC}") = "TestingDataBaseTask", "TestingDataBaseTask\TestingDataBaseTask.csproj", "{763EC6D7-02C5-4F31-AD26-2E0DFC45CA2F}"
EndProject
Global
	GlobalSection(SolutionConfigurationPlatforms) = preSolution
		Debug|Any CPU = Debug|Any CPU
		Release|Any CPU = Release|Any CPU
	EndGlobalSection
	GlobalSection(ProjectConfigurationPlatforms) = postSolution
		{687CBF36-8D19-42E1-B8DD-78B8FDD445FE}.Debug|Any CPU.ActiveCfg = Debug|Any CPU
		{687CBF36-8D19-42E1-B8DD-78B8FDD445FE}.Debug|Any CPU.Build.0 = Debug|Any CPU
		{687CBF36-8D19-42E1-B8DD-78B8FDD445FE}.Release|Any CPU.ActiveCfg = Release|Any CPU
		{687CBF36-8D19-42E1-B8DD-78B8FDD445FE}.Release|Any CPU.Build.0 = Release|Any CPU
		{763EC6D7-02C5-4F31-AD26-2E0DFC45CA2F}.Debug|Any CPU.ActiveCfg = Debug|Any CPU
		{763EC6D7-02C5-4F31-AD26-2E0DFC45CA2F}.Debug|Any CPU.Build.0 = Debug|Any CPU
		{763EC6D7-02C5-4F31-AD26-2E0DFC45CA2F}.Release|Any CPU.ActiveCfg = Release|Any CPU
		{763EC6D7-02C5-4F31-AD26-2E0DFC45CA2F}.Release|Any CPU.Build.0 = Release|Any CPU
	EndGlobalSection
	GlobalSection(SolutionProperties) = preSolution
		HideSolutionNode = FALSE
	EndGlobalSection
	GlobalSection(ExtensibilityGlobals) = postSolution
		SolutionGuid = {5F5481A8-CD69-49F4-95B8-FEF4A5DC3121}
	EndGlobalSection
EndGlobal
